
Microsoft Visual Studio Solution File, Format Version 12.00
# Visual Studio 15
VisualStudioVersion = 15.0.27428.2005
MinimumVisualStudioVersion = 10.0.40219.1
Project("{FAE04EC0-301F-11D3-BF4B-00C04F79EFBC}") = "Invoice", "Invoice\Invoice.csproj", "{CF386F65-873E-4B69-8182-F1C800A361FC}"
EndProject
Global
	GlobalSection(SolutionConfigurationPlatforms) = preSolution
		Debug|Any CPU = Debug|Any CPU
		Release|Any CPU = Release|Any CPU
	EndGlobalSection
	GlobalSection(ProjectConfigurationPlatforms) = postSolution
		{CF386F65-873E-4B69-8182-F1C800A361FC}.Debug|Any CPU.ActiveCfg = Debug|Any CPU
		{CF386F65-873E-4B69-8182-F1C800A361FC}.Debug|Any CPU.Build.0 = Debug|Any CPU
		{CF386F65-873E-4B69-8182-F1C800A361FC}.Release|Any CPU.ActiveCfg = Release|Any CPU
		{CF386F65-873E-4B69-8182-F1C800A361FC}.Release|Any CPU.Build.0 = Release|Any CPU
	EndGlobalSection
	GlobalSection(SolutionProperties) = preSolution
		HideSolutionNode = FALSE
	EndGlobalSection
	GlobalSection(ExtensibilityGlobals) = postSolution
		SolutionGuid = {4777285C-CC0A-420C-9BC6-69E8669F4F8A}
	EndGlobalSection
EndGlobal
