
Microsoft Visual Studio Solution File, Format Version 12.00
# Visual Studio 15
VisualStudioVersion = 15.0.27428.2005
MinimumVisualStudioVersion = 10.0.40219.1
Project("{FAE04EC0-301F-11D3-BF4B-00C04F79EFBC}") = "Song", "Song\Song.csproj", "{53D341E9-CFA8-4137-8D73-D08D15F200CB}"
EndProject
Global
	GlobalSection(SolutionConfigurationPlatforms) = preSolution
		Debug|Any CPU = Debug|Any CPU
		Release|Any CPU = Release|Any CPU
	EndGlobalSection
	GlobalSection(ProjectConfigurationPlatforms) = postSolution
		{53D341E9-CFA8-4137-8D73-D08D15F200CB}.Debug|Any CPU.ActiveCfg = Debug|Any CPU
		{53D341E9-CFA8-4137-8D73-D08D15F200CB}.Debug|Any CPU.Build.0 = Debug|Any CPU
		{53D341E9-CFA8-4137-8D73-D08D15F200CB}.Release|Any CPU.ActiveCfg = Release|Any CPU
		{53D341E9-CFA8-4137-8D73-D08D15F200CB}.Release|Any CPU.Build.0 = Release|Any CPU
	EndGlobalSection
	GlobalSection(SolutionProperties) = preSolution
		HideSolutionNode = FALSE
	EndGlobalSection
	GlobalSection(ExtensibilityGlobals) = postSolution
		SolutionGuid = {400C984B-8BA0-453C-874F-FE47FF991B22}
	EndGlobalSection
EndGlobal
