
Microsoft Visual Studio Solution File, Format Version 12.00
# Visual Studio 15
VisualStudioVersion = 15.0.27428.2005
MinimumVisualStudioVersion = 10.0.40219.1
Project("{FAE04EC0-301F-11D3-BF4B-00C04F79EFBC}") = "Pet", "Pet\Pet.csproj", "{9F540A4C-7883-44F2-8ED6-88AD3CB14752}"
EndProject
Global
	GlobalSection(SolutionConfigurationPlatforms) = preSolution
		Debug|Any CPU = Debug|Any CPU
		Release|Any CPU = Release|Any CPU
	EndGlobalSection
	GlobalSection(ProjectConfigurationPlatforms) = postSolution
		{9F540A4C-7883-44F2-8ED6-88AD3CB14752}.Debug|Any CPU.ActiveCfg = Debug|Any CPU
		{9F540A4C-7883-44F2-8ED6-88AD3CB14752}.Debug|Any CPU.Build.0 = Debug|Any CPU
		{9F540A4C-7883-44F2-8ED6-88AD3CB14752}.Release|Any CPU.ActiveCfg = Release|Any CPU
		{9F540A4C-7883-44F2-8ED6-88AD3CB14752}.Release|Any CPU.Build.0 = Release|Any CPU
	EndGlobalSection
	GlobalSection(SolutionProperties) = preSolution
		HideSolutionNode = FALSE
	EndGlobalSection
	GlobalSection(ExtensibilityGlobals) = postSolution
		SolutionGuid = {84F8554D-D470-45C2-BD0B-969FCB48D832}
	EndGlobalSection
EndGlobal
