
Microsoft Visual Studio Solution File, Format Version 12.00
# Visual Studio 14
VisualStudioVersion = 14.0.25420.1
MinimumVisualStudioVersion = 10.0.40219.1
Project("{FAE04EC0-301F-11D3-BF4B-00C04F79EFBC}") = "Json", "Json\Json.csproj", "{ED148D83-D377-49D5-A229-3D4F54CE878A}"
EndProject
Project("{FAE04EC0-301F-11D3-BF4B-00C04F79EFBC}") = "StudentLibrary", "StudentLibrary\StudentLibrary.csproj", "{8400686B-FACC-44D6-8E6F-9130159CC236}"
EndProject
Project("{FAE04EC0-301F-11D3-BF4B-00C04F79EFBC}") = "XML", "XML\XML.csproj", "{7845F624-3AEC-4D6D-BAD2-D433E6493BBF}"
EndProject
Global
	GlobalSection(SolutionConfigurationPlatforms) = preSolution
		Debug|Any CPU = Debug|Any CPU
		Release|Any CPU = Release|Any CPU
	EndGlobalSection
	GlobalSection(ProjectConfigurationPlatforms) = postSolution
		{ED148D83-D377-49D5-A229-3D4F54CE878A}.Debug|Any CPU.ActiveCfg = Debug|Any CPU
		{ED148D83-D377-49D5-A229-3D4F54CE878A}.Debug|Any CPU.Build.0 = Debug|Any CPU
		{ED148D83-D377-49D5-A229-3D4F54CE878A}.Release|Any CPU.ActiveCfg = Release|Any CPU
		{ED148D83-D377-49D5-A229-3D4F54CE878A}.Release|Any CPU.Build.0 = Release|Any CPU
		{8400686B-FACC-44D6-8E6F-9130159CC236}.Debug|Any CPU.ActiveCfg = Debug|Any CPU
		{8400686B-FACC-44D6-8E6F-9130159CC236}.Debug|Any CPU.Build.0 = Debug|Any CPU
		{8400686B-FACC-44D6-8E6F-9130159CC236}.Release|Any CPU.ActiveCfg = Release|Any CPU
		{8400686B-FACC-44D6-8E6F-9130159CC236}.Release|Any CPU.Build.0 = Release|Any CPU
		{7845F624-3AEC-4D6D-BAD2-D433E6493BBF}.Debug|Any CPU.ActiveCfg = Debug|Any CPU
		{7845F624-3AEC-4D6D-BAD2-D433E6493BBF}.Debug|Any CPU.Build.0 = Debug|Any CPU
		{7845F624-3AEC-4D6D-BAD2-D433E6493BBF}.Release|Any CPU.ActiveCfg = Release|Any CPU
		{7845F624-3AEC-4D6D-BAD2-D433E6493BBF}.Release|Any CPU.Build.0 = Release|Any CPU
	EndGlobalSection
	GlobalSection(SolutionProperties) = preSolution
		HideSolutionNode = FALSE
	EndGlobalSection
EndGlobal
