
Microsoft Visual Studio Solution File, Format Version 12.00
# Visual Studio 15
VisualStudioVersion = 15.0.27428.2005
MinimumVisualStudioVersion = 10.0.40219.1
Project("{FAE04EC0-301F-11D3-BF4B-00C04F79EFBC}") = "Rational", "Rational\Rational.csproj", "{969CE8EF-B059-4F46-BB94-DE6B6DD10E24}"
EndProject
Project("{FAE04EC0-301F-11D3-BF4B-00C04F79EFBC}") = "GCD", "GCD\GCD.csproj", "{F6FB286D-A370-47AE-9E34-D48D965EE127}"
EndProject
Global
	GlobalSection(SolutionConfigurationPlatforms) = preSolution
		Debug|Any CPU = Debug|Any CPU
		Release|Any CPU = Release|Any CPU
	EndGlobalSection
	GlobalSection(ProjectConfigurationPlatforms) = postSolution
		{969CE8EF-B059-4F46-BB94-DE6B6DD10E24}.Debug|Any CPU.ActiveCfg = Debug|Any CPU
		{969CE8EF-B059-4F46-BB94-DE6B6DD10E24}.Debug|Any CPU.Build.0 = Debug|Any CPU
		{969CE8EF-B059-4F46-BB94-DE6B6DD10E24}.Release|Any CPU.ActiveCfg = Release|Any CPU
		{969CE8EF-B059-4F46-BB94-DE6B6DD10E24}.Release|Any CPU.Build.0 = Release|Any CPU
		{F6FB286D-A370-47AE-9E34-D48D965EE127}.Debug|Any CPU.ActiveCfg = Debug|Any CPU
		{F6FB286D-A370-47AE-9E34-D48D965EE127}.Debug|Any CPU.Build.0 = Debug|Any CPU
		{F6FB286D-A370-47AE-9E34-D48D965EE127}.Release|Any CPU.ActiveCfg = Release|Any CPU
		{F6FB286D-A370-47AE-9E34-D48D965EE127}.Release|Any CPU.Build.0 = Release|Any CPU
	EndGlobalSection
	GlobalSection(SolutionProperties) = preSolution
		HideSolutionNode = FALSE
	EndGlobalSection
	GlobalSection(ExtensibilityGlobals) = postSolution
		SolutionGuid = {BBC3D6E0-EB44-4754-BB06-B205D80B91C2}
	EndGlobalSection
EndGlobal
