
Microsoft Visual Studio Solution File, Format Version 12.00
# Visual Studio 15
VisualStudioVersion = 15.0.27428.2005
MinimumVisualStudioVersion = 10.0.40219.1
Project("{FAE04EC0-301F-11D3-BF4B-00C04F79EFBC}") = "BMICalculator", "BMICalculator\BMICalculator.csproj", "{6B926A29-CA5F-476A-9690-E9B01A520210}"
EndProject
Global
	GlobalSection(SolutionConfigurationPlatforms) = preSolution
		Debug|Any CPU = Debug|Any CPU
		Release|Any CPU = Release|Any CPU
	EndGlobalSection
	GlobalSection(ProjectConfigurationPlatforms) = postSolution
		{6B926A29-CA5F-476A-9690-E9B01A520210}.Debug|Any CPU.ActiveCfg = Debug|Any CPU
		{6B926A29-CA5F-476A-9690-E9B01A520210}.Debug|Any CPU.Build.0 = Debug|Any CPU
		{6B926A29-CA5F-476A-9690-E9B01A520210}.Release|Any CPU.ActiveCfg = Release|Any CPU
		{6B926A29-CA5F-476A-9690-E9B01A520210}.Release|Any CPU.Build.0 = Release|Any CPU
	EndGlobalSection
	GlobalSection(SolutionProperties) = preSolution
		HideSolutionNode = FALSE
	EndGlobalSection
	GlobalSection(ExtensibilityGlobals) = postSolution
		SolutionGuid = {BB274E59-D416-44BD-8111-EAE9E96A7CF2}
	EndGlobalSection
EndGlobal
