
Microsoft Visual Studio Solution File, Format Version 12.00
# Visual Studio 15
VisualStudioVersion = 15.0.27428.2005
MinimumVisualStudioVersion = 10.0.40219.1
Project("{FAE04EC0-301F-11D3-BF4B-00C04F79EFBC}") = "Calculator", "Calculator\Calculator.csproj", "{F524F7DE-0AC8-433A-BDFE-DC08A4900073}"
EndProject
Global
	GlobalSection(SolutionConfigurationPlatforms) = preSolution
		Debug|Any CPU = Debug|Any CPU
		Release|Any CPU = Release|Any CPU
	EndGlobalSection
	GlobalSection(ProjectConfigurationPlatforms) = postSolution
		{F524F7DE-0AC8-433A-BDFE-DC08A4900073}.Debug|Any CPU.ActiveCfg = Debug|Any CPU
		{F524F7DE-0AC8-433A-BDFE-DC08A4900073}.Debug|Any CPU.Build.0 = Debug|Any CPU
		{F524F7DE-0AC8-433A-BDFE-DC08A4900073}.Release|Any CPU.ActiveCfg = Release|Any CPU
		{F524F7DE-0AC8-433A-BDFE-DC08A4900073}.Release|Any CPU.Build.0 = Release|Any CPU
	EndGlobalSection
	GlobalSection(SolutionProperties) = preSolution
		HideSolutionNode = FALSE
	EndGlobalSection
	GlobalSection(ExtensibilityGlobals) = postSolution
		SolutionGuid = {6BE722C7-3BB7-47AE-A581-7208DEEA0FFF}
	EndGlobalSection
EndGlobal
