
Microsoft Visual Studio Solution File, Format Version 12.00
# Visual Studio 15
VisualStudioVersion = 15.0.27428.2005
MinimumVisualStudioVersion = 10.0.40219.1
Project("{FAE04EC0-301F-11D3-BF4B-00C04F79EFBC}") = "ListCollection", "ListCollection\ListCollection.csproj", "{AF0B691F-1766-47D5-8465-AAD3F6F40058}"
EndProject
Project("{FAE04EC0-301F-11D3-BF4B-00C04F79EFBC}") = "ArrayAndList", "ArrayAndList\ArrayAndList.csproj", "{B08CC1D0-CBFF-4F69-8A11-5C0FC217F57D}"
EndProject
Global
	GlobalSection(SolutionConfigurationPlatforms) = preSolution
		Debug|Any CPU = Debug|Any CPU
		Release|Any CPU = Release|Any CPU
	EndGlobalSection
	GlobalSection(ProjectConfigurationPlatforms) = postSolution
		{AF0B691F-1766-47D5-8465-AAD3F6F40058}.Debug|Any CPU.ActiveCfg = Debug|Any CPU
		{AF0B691F-1766-47D5-8465-AAD3F6F40058}.Debug|Any CPU.Build.0 = Debug|Any CPU
		{AF0B691F-1766-47D5-8465-AAD3F6F40058}.Release|Any CPU.ActiveCfg = Release|Any CPU
		{AF0B691F-1766-47D5-8465-AAD3F6F40058}.Release|Any CPU.Build.0 = Release|Any CPU
		{B08CC1D0-CBFF-4F69-8A11-5C0FC217F57D}.Debug|Any CPU.ActiveCfg = Debug|Any CPU
		{B08CC1D0-CBFF-4F69-8A11-5C0FC217F57D}.Debug|Any CPU.Build.0 = Debug|Any CPU
		{B08CC1D0-CBFF-4F69-8A11-5C0FC217F57D}.Release|Any CPU.ActiveCfg = Release|Any CPU
		{B08CC1D0-CBFF-4F69-8A11-5C0FC217F57D}.Release|Any CPU.Build.0 = Release|Any CPU
	EndGlobalSection
	GlobalSection(SolutionProperties) = preSolution
		HideSolutionNode = FALSE
	EndGlobalSection
	GlobalSection(ExtensibilityGlobals) = postSolution
		SolutionGuid = {97150EDD-6206-40C9-97CB-3207086F8CF2}
	EndGlobalSection
EndGlobal
