
Microsoft Visual Studio Solution File, Format Version 12.00
# Visual Studio 14
VisualStudioVersion = 14.0.25420.1
MinimumVisualStudioVersion = 10.0.40219.1
Project("{FAE04EC0-301F-11D3-BF4B-00C04F79EFBC}") = "Rectangle", "Rectangle\Rectangle.csproj", "{A882A1B3-2F18-4BCA-A6C5-6AC6581D5A07}"
EndProject
Project("{FAE04EC0-301F-11D3-BF4B-00C04F79EFBC}") = "Rectangle-Modified", "Rectangle-Modified\Rectangle-Modified.csproj", "{5CFC4330-67AA-421E-B8A7-C3CFB701D97D}"
EndProject
Global
	GlobalSection(SolutionConfigurationPlatforms) = preSolution
		Debug|Any CPU = Debug|Any CPU
		Release|Any CPU = Release|Any CPU
	EndGlobalSection
	GlobalSection(ProjectConfigurationPlatforms) = postSolution
		{A882A1B3-2F18-4BCA-A6C5-6AC6581D5A07}.Debug|Any CPU.ActiveCfg = Debug|Any CPU
		{A882A1B3-2F18-4BCA-A6C5-6AC6581D5A07}.Debug|Any CPU.Build.0 = Debug|Any CPU
		{A882A1B3-2F18-4BCA-A6C5-6AC6581D5A07}.Release|Any CPU.ActiveCfg = Release|Any CPU
		{A882A1B3-2F18-4BCA-A6C5-6AC6581D5A07}.Release|Any CPU.Build.0 = Release|Any CPU
		{5CFC4330-67AA-421E-B8A7-C3CFB701D97D}.Debug|Any CPU.ActiveCfg = Debug|Any CPU
		{5CFC4330-67AA-421E-B8A7-C3CFB701D97D}.Debug|Any CPU.Build.0 = Debug|Any CPU
		{5CFC4330-67AA-421E-B8A7-C3CFB701D97D}.Release|Any CPU.ActiveCfg = Release|Any CPU
		{5CFC4330-67AA-421E-B8A7-C3CFB701D97D}.Release|Any CPU.Build.0 = Release|Any CPU
	EndGlobalSection
	GlobalSection(SolutionProperties) = preSolution
		HideSolutionNode = FALSE
	EndGlobalSection
EndGlobal
